
Microsoft Visual Studio Solution File, Format Version 12.00
# Visual Studio 15
VisualStudioVersion = 15.0.27703.2035
MinimumVisualStudioVersion = 10.0.40219.1
Project("{FAE04EC0-301F-11D3-BF4B-00C04F79EFBC}") = "WindowsFormsApp4", "WindowsFormsApp4\WindowsFormsApp4.csproj", "{3B55DBC0-BE4B-4A89-A868-9FD311C60081}"
EndProject
Global
	GlobalSection(SolutionConfigurationPlatforms) = preSolution
		Debug|Any CPU = Debug|Any CPU
		Release|Any CPU = Release|Any CPU
	EndGlobalSection
	GlobalSection(ProjectConfigurationPlatforms) = postSolution
		{3B55DBC0-BE4B-4A89-A868-9FD311C60081}.Debug|Any CPU.ActiveCfg = Debug|Any CPU
		{3B55DBC0-BE4B-4A89-A868-9FD311C60081}.Debug|Any CPU.Build.0 = Debug|Any CPU
		{3B55DBC0-BE4B-4A89-A868-9FD311C60081}.Release|Any CPU.ActiveCfg = Release|Any CPU
		{3B55DBC0-BE4B-4A89-A868-9FD311C60081}.Release|Any CPU.Build.0 = Release|Any CPU
	EndGlobalSection
	GlobalSection(SolutionProperties) = preSolution
		HideSolutionNode = FALSE
	EndGlobalSection
	GlobalSection(ExtensibilityGlobals) = postSolution
		SolutionGuid = {D1D18AD1-D49A-4202-9980-94D9362A9709}
	EndGlobalSection
EndGlobal
